// !$*UTF8*$!
{
	archiveVersion = 1;
	classes = {
	};
	objectVersion = 77;
	objects = {

/* Begin PBXBuildFile section */
		F244C79E2D6A64A60059FDD2 /* Contacts.framework in Frameworks */ = {isa = PBXBuildFile; fileRef = F244C79D2D6A64A60059FDD2 /* Contacts.framework */; };
		F244C7AC2D6A8D5E0059FDD2 /* ContactsModel.xcdatamodeld in Sources */ = {isa = PBXBuildFile; fileRef = F244C7AA2D6A8D5E0059FDD2 /* ContactsModel.xcdatamodeld */; };
		F244C7DF2D6AB2AE0059FDD2 /* MLX in Frameworks */ = {isa = PBXBuildFile; productRef = F244C7DE2D6AB2AE0059FDD2 /* MLX */; };
		F244C7E12D6AB2AE0059FDD2 /* MLXFFT in Frameworks */ = {isa = PBXBuildFile; productRef = F244C7E02D6AB2AE0059FDD2 /* MLXFFT */; };
		F244C7E32D6AB2AE0059FDD2 /* MLXFast in Frameworks */ = {isa = PBXBuildFile; productRef = F244C7E22D6AB2AE0059FDD2 /* MLXFast */; };
		F244C7E52D6AB2AE0059FDD2 /* MLXLinalg in Frameworks */ = {isa = PBXBuildFile; productRef = F244C7E42D6AB2AE0059FDD2 /* MLXLinalg */; };
		F244C7E72D6AB2AE0059FDD2 /* MLXNN in Frameworks */ = {isa = PBXBuildFile; productRef = F244C7E62D6AB2AE0059FDD2 /* MLXNN */; };
		F244C7E92D6AB2AE0059FDD2 /* MLXOptimizers in Frameworks */ = {isa = PBXBuildFile; productRef = F244C7E82D6AB2AE0059FDD2 /* MLXOptimizers */; };
		F244C7EB2D6AB2AE0059FDD2 /* MLXRandom in Frameworks */ = {isa = PBXBuildFile; productRef = F244C7EA2D6AB2AE0059FDD2 /* MLXRandom */; };
/* End PBXBuildFile section */

/* Begin PBXContainerItemProxy section */
		F244C7802D6A64650059FDD2 /* PBXContainerItemProxy */ = {
			isa = PBXContainerItemProxy;
			containerPortal = F244C7622D6A64630059FDD2 /* Project object */;
			proxyType = 1;
			remoteGlobalIDString = F244C7692D6A64630059FDD2;
			remoteInfo = ContactExplorer;
		};
		F244C78A2D6A64650059FDD2 /* PBXContainerItemProxy */ = {
			isa = PBXContainerItemProxy;
			containerPortal = F244C7622D6A64630059FDD2 /* Project object */;
			proxyType = 1;
			remoteGlobalIDString = F244C7692D6A64630059FDD2;
			remoteInfo = ContactExplorer;
		};
/* End PBXContainerItemProxy section */

/* Begin PBXFileReference section */
		F244C76A2D6A64630059FDD2 /* ContactExplorer.app */ = {isa = PBXFileReference; explicitFileType = wrapper.application; includeInIndex = 0; path = ContactExplorer.app; sourceTree = BUILT_PRODUCTS_DIR; };
		F244C77F2D6A64650059FDD2 /* ContactExplorerTests.xctest */ = {isa = PBXFileReference; explicitFileType = wrapper.cfbundle; includeInIndex = 0; path = ContactExplorerTests.xctest; sourceTree = BUILT_PRODUCTS_DIR; };
		F244C7892D6A64650059FDD2 /* ContactExplorerUITests.xctest */ = {isa = PBXFileReference; explicitFileType = wrapper.cfbundle; includeInIndex = 0; path = ContactExplorerUITests.xctest; sourceTree = BUILT_PRODUCTS_DIR; };
		F244C79D2D6A64A60059FDD2 /* Contacts.framework */ = {isa = PBXFileReference; lastKnownFileType = wrapper.framework; name = Contacts.framework; path = System/Library/Frameworks/Contacts.framework; sourceTree = SDKROOT; };
		F244C7AB2D6A8D5E0059FDD2 /* ContactsModel.xcdatamodel */ = {isa = PBXFileReference; lastKnownFileType = wrapper.xcdatamodel; path = ContactsModel.xcdatamodel; sourceTree = "<group>"; };
/* End PBXFileReference section */

/* Begin PBXFileSystemSynchronizedRootGroup section */
		F244C76C2D6A64630059FDD2 /* ContactExplorer */ = {
			isa = PBXFileSystemSynchronizedRootGroup;
			path = ContactExplorer;
			sourceTree = "<group>";
		};
		F244C7822D6A64650059FDD2 /* ContactExplorerTests */ = {
			isa = PBXFileSystemSynchronizedRootGroup;
			path = ContactExplorerTests;
			sourceTree = "<group>";
		};
		F244C78C2D6A64650059FDD2 /* ContactExplorerUITests */ = {
			isa = PBXFileSystemSynchronizedRootGroup;
			path = ContactExplorerUITests;
			sourceTree = "<group>";
		};
/* End PBXFileSystemSynchronizedRootGroup section */

/* Begin PBXFrameworksBuildPhase section */
		F244C7672D6A64630059FDD2 /* Frameworks */ = {
			isa = PBXFrameworksBuildPhase;
			buildActionMask = 2147483647;
			files = (
				F244C7E72D6AB2AE0059FDD2 /* MLXNN in Frameworks */,
				F244C7E52D6AB2AE0059FDD2 /* MLXLinalg in Frameworks */,
				F244C7DF2D6AB2AE0059FDD2 /* MLX in Frameworks */,
				F244C7EB2D6AB2AE0059FDD2 /* MLXRandom in Frameworks */,
				F244C79E2D6A64A60059FDD2 /* Contacts.framework in Frameworks */,
				F244C7E92D6AB2AE0059FDD2 /* MLXOptimizers in Frameworks */,
				F244C7E32D6AB2AE0059FDD2 /* MLXFast in Frameworks */,
				F244C7E12D6AB2AE0059FDD2 /* MLXFFT in Frameworks */,
			);
			runOnlyForDeploymentPostprocessing = 0;
		};
		F244C77C2D6A64650059FDD2 /* Frameworks */ = {
			isa = PBXFrameworksBuildPhase;
			buildActionMask = 2147483647;
			files = (
			);
			runOnlyForDeploymentPostprocessing = 0;
		};
		F244C7862D6A64650059FDD2 /* Frameworks */ = {
			isa = PBXFrameworksBuildPhase;
			buildActionMask = 2147483647;
			files = (
			);
			runOnlyForDeploymentPostprocessing = 0;
		};
/* End PBXFrameworksBuildPhase section */

/* Begin PBXGroup section */
		F244C7612D6A64630059FDD2 = {
			isa = PBXGroup;
			children = (
				F244C7AA2D6A8D5E0059FDD2 /* ContactsModel.xcdatamodeld */,
				F244C76C2D6A64630059FDD2 /* ContactExplorer */,
				F244C7822D6A64650059FDD2 /* ContactExplorerTests */,
				F244C78C2D6A64650059FDD2 /* ContactExplorerUITests */,
				F244C79C2D6A64A60059FDD2 /* Frameworks */,
				F244C76B2D6A64630059FDD2 /* Products */,
			);
			sourceTree = "<group>";
		};
		F244C76B2D6A64630059FDD2 /* Products */ = {
			isa = PBXGroup;
			children = (
				F244C76A2D6A64630059FDD2 /* ContactExplorer.app */,
				F244C77F2D6A64650059FDD2 /* ContactExplorerTests.xctest */,
				F244C7892D6A64650059FDD2 /* ContactExplorerUITests.xctest */,
			);
			name = Products;
			sourceTree = "<group>";
		};
		F244C79C2D6A64A60059FDD2 /* Frameworks */ = {
			isa = PBXGroup;
			children = (
				F244C79D2D6A64A60059FDD2 /* Contacts.framework */,
			);
			name = Frameworks;
			sourceTree = "<group>";
		};
/* End PBXGroup section */

/* Begin PBXNativeTarget section */
		F244C7692D6A64630059FDD2 /* ContactExplorer */ = {
			isa = PBXNativeTarget;
			buildConfigurationList = F244C7932D6A64650059FDD2 /* Build configuration list for PBXNativeTarget "ContactExplorer" */;
			buildPhases = (
				F244C7662D6A64630059FDD2 /* Sources */,
				F244C7672D6A64630059FDD2 /* Frameworks */,
				F244C7682D6A64630059FDD2 /* Resources */,
			);
			buildRules = (
			);
			dependencies = (
			);
			fileSystemSynchronizedGroups = (
				F244C76C2D6A64630059FDD2 /* ContactExplorer */,
			);
			name = ContactExplorer;
			packageProductDependencies = (
				F244C7DE2D6AB2AE0059FDD2 /* MLX */,
				F244C7E02D6AB2AE0059FDD2 /* MLXFFT */,
				F244C7E22D6AB2AE0059FDD2 /* MLXFast */,
				F244C7E42D6AB2AE0059FDD2 /* MLXLinalg */,
				F244C7E62D6AB2AE0059FDD2 /* MLXNN */,
				F244C7E82D6AB2AE0059FDD2 /* MLXOptimizers */,
				F244C7EA2D6AB2AE0059FDD2 /* MLXRandom */,
			);
			productName = ContactExplorer;
			productReference = F244C76A2D6A64630059FDD2 /* ContactExplorer.app */;
			productType = "com.apple.product-type.application";
		};
		F244C77E2D6A64650059FDD2 /* ContactExplorerTests */ = {
			isa = PBXNativeTarget;
			buildConfigurationList = F244C7962D6A64650059FDD2 /* Build configuration list for PBXNativeTarget "ContactExplorerTests" */;
			buildPhases = (
				F244C77B2D6A64650059FDD2 /* Sources */,
				F244C77C2D6A64650059FDD2 /* Frameworks */,
				F244C77D2D6A64650059FDD2 /* Resources */,
			);
			buildRules = (
			);
			dependencies = (
				F244C7812D6A64650059FDD2 /* PBXTargetDependency */,
			);
			fileSystemSynchronizedGroups = (
				F244C7822D6A64650059FDD2 /* ContactExplorerTests */,
			);
			name = ContactExplorerTests;
			packageProductDependencies = (
			);
			productName = ContactExplorerTests;
			productReference = F244C77F2D6A64650059FDD2 /* ContactExplorerTests.xctest */;
			productType = "com.apple.product-type.bundle.unit-test";
		};
		F244C7882D6A64650059FDD2 /* ContactExplorerUITests */ = {
			isa = PBXNativeTarget;
			buildConfigurationList = F244C7992D6A64650059FDD2 /* Build configuration list for PBXNativeTarget "ContactExplorerUITests" */;
			buildPhases = (
				F244C7852D6A64650059FDD2 /* Sources */,
				F244C7862D6A64650059FDD2 /* Frameworks */,
				F244C7872D6A64650059FDD2 /* Resources */,
			);
			buildRules = (
			);
			dependencies = (
				F244C78B2D6A64650059FDD2 /* PBXTargetDependency */,
			);
			fileSystemSynchronizedGroups = (
				F244C78C2D6A64650059FDD2 /* ContactExplorerUITests */,
			);
			name = ContactExplorerUITests;
			packageProductDependencies = (
			);
			productName = ContactExplorerUITests;
			productReference = F244C7892D6A64650059FDD2 /* ContactExplorerUITests.xctest */;
			productType = "com.apple.product-type.bundle.ui-testing";
		};
/* End PBXNativeTarget section */

/* Begin PBXProject section */
		F244C7622D6A64630059FDD2 /* Project object */ = {
			isa = PBXProject;
			attributes = {
				BuildIndependentTargetsInParallel = 1;
				LastSwiftUpdateCheck = 1620;
				LastUpgradeCheck = 1620;
				TargetAttributes = {
					F244C7692D6A64630059FDD2 = {
						CreatedOnToolsVersion = 16.2;
					};
					F244C77E2D6A64650059FDD2 = {
						CreatedOnToolsVersion = 16.2;
						TestTargetID = F244C7692D6A64630059FDD2;
					};
					F244C7882D6A64650059FDD2 = {
						CreatedOnToolsVersion = 16.2;
						TestTargetID = F244C7692D6A64630059FDD2;
					};
				};
			};
			buildConfigurationList = F244C7652D6A64630059FDD2 /* Build configuration list for PBXProject "ContactExplorer" */;
			developmentRegion = en;
			hasScannedForEncodings = 0;
			knownRegions = (
				en,
				Base,
			);
			mainGroup = F244C7612D6A64630059FDD2;
			minimizedProjectReferenceProxies = 1;
			packageReferences = (
				F244C7DD2D6AB2AE0059FDD2 /* XCRemoteSwiftPackageReference "mlx-swift" */,
			);
			preferredProjectObjectVersion = 77;
			productRefGroup = F244C76B2D6A64630059FDD2 /* Products */;
			projectDirPath = "";
			projectRoot = "";
			targets = (
				F244C7692D6A64630059FDD2 /* ContactExplorer */,
				F244C77E2D6A64650059FDD2 /* ContactExplorerTests */,
				F244C7882D6A64650059FDD2 /* ContactExplorerUITests */,
			);
		};
/* End PBXProject section */

/* Begin PBXResourcesBuildPhase section */
		F244C7682D6A64630059FDD2 /* Resources */ = {
			isa = PBXResourcesBuildPhase;
			buildActionMask = 2147483647;
			files = (
			);
			runOnlyForDeploymentPostprocessing = 0;
		};
		F244C77D2D6A64650059FDD2 /* Resources */ = {
			isa = PBXResourcesBuildPhase;
			buildActionMask = 2147483647;
			files = (
			);
			runOnlyForDeploymentPostprocessing = 0;
		};
		F244C7872D6A64650059FDD2 /* Resources */ = {
			isa = PBXResourcesBuildPhase;
			buildActionMask = 2147483647;
			files = (
			);
			runOnlyForDeploymentPostprocessing = 0;
		};
/* End PBXResourcesBuildPhase section */

/* Begin PBXSourcesBuildPhase section */
		F244C7662D6A64630059FDD2 /* Sources */ = {
			isa = PBXSourcesBuildPhase;
			buildActionMask = 2147483647;
			files = (
				F244C7AC2D6A8D5E0059FDD2 /* ContactsModel.xcdatamodeld in Sources */,
			);
			runOnlyForDeploymentPostprocessing = 0;
		};
		F244C77B2D6A64650059FDD2 /* Sources */ = {
			isa = PBXSourcesBuildPhase;
			buildActionMask = 2147483647;
			files = (
			);
			runOnlyForDeploymentPostprocessing = 0;
		};
		F244C7852D6A64650059FDD2 /* Sources */ = {
			isa = PBXSourcesBuildPhase;
			buildActionMask = 2147483647;
			files = (
			);
			runOnlyForDeploymentPostprocessing = 0;
		};
/* End PBXSourcesBuildPhase section */

/* Begin PBXTargetDependency section */
		F244C7812D6A64650059FDD2 /* PBXTargetDependency */ = {
			isa = PBXTargetDependency;
			target = F244C7692D6A64630059FDD2 /* ContactExplorer */;
			targetProxy = F244C7802D6A64650059FDD2 /* PBXContainerItemProxy */;
		};
		F244C78B2D6A64650059FDD2 /* PBXTargetDependency */ = {
			isa = PBXTargetDependency;
			target = F244C7692D6A64630059FDD2 /* ContactExplorer */;
			targetProxy = F244C78A2D6A64650059FDD2 /* PBXContainerItemProxy */;
		};
/* End PBXTargetDependency section */

/* Begin XCBuildConfiguration section */
		F244C7912D6A64650059FDD2 /* Debug */ = {
			isa = XCBuildConfiguration;
			buildSettings = {
				ALWAYS_SEARCH_USER_PATHS = NO;
				ASSETCATALOG_COMPILER_GENERATE_SWIFT_ASSET_SYMBOL_EXTENSIONS = YES;
				CLANG_ANALYZER_NONNULL = YES;
				CLANG_ANALYZER_NUMBER_OBJECT_CONVERSION = YES_AGGRESSIVE;
				CLANG_CXX_LANGUAGE_STANDARD = "gnu++20";
				CLANG_ENABLE_MODULES = YES;
				CLANG_ENABLE_OBJC_ARC = YES;
				CLANG_ENABLE_OBJC_WEAK = YES;
				CLANG_WARN_BLOCK_CAPTURE_AUTORELEASING = YES;
				CLANG_WARN_BOOL_CONVERSION = YES;
				CLANG_WARN_COMMA = YES;
				CLANG_WARN_CONSTANT_CONVERSION = YES;
				CLANG_WARN_DEPRECATED_OBJC_IMPLEMENTATIONS = YES;
				CLANG_WARN_DIRECT_OBJC_ISA_USAGE = YES_ERROR;
				CLANG_WARN_DOCUMENTATION_COMMENTS = YES;
				CLANG_WARN_EMPTY_BODY = YES;
				CLANG_WARN_ENUM_CONVERSION = YES;
				CLANG_WARN_INFINITE_RECURSION = YES;
				CLANG_WARN_INT_CONVERSION = YES;
				CLANG_WARN_NON_LITERAL_NULL_CONVERSION = YES;
				CLANG_WARN_OBJC_IMPLICIT_RETAIN_SELF = YES;
				CLANG_WARN_OBJC_LITERAL_CONVERSION = YES;
				CLANG_WARN_OBJC_ROOT_CLASS = YES_ERROR;
				CLANG_WARN_QUOTED_INCLUDE_IN_FRAMEWORK_HEADER = YES;
				CLANG_WARN_RANGE_LOOP_ANALYSIS = YES;
				CLANG_WARN_STRICT_PROTOTYPES = YES;
				CLANG_WARN_SUSPICIOUS_MOVE = YES;
				CLANG_WARN_UNGUARDED_AVAILABILITY = YES_AGGRESSIVE;
				CLANG_WARN_UNREACHABLE_CODE = YES;
				CLANG_WARN__DUPLICATE_METHOD_MATCH = YES;
				COPY_PHASE_STRIP = NO;
				DEBUG_INFORMATION_FORMAT = dwarf;
				ENABLE_STRICT_OBJC_MSGSEND = YES;
				ENABLE_TESTABILITY = YES;
				ENABLE_USER_SCRIPT_SANDBOXING = YES;
				GCC_C_LANGUAGE_STANDARD = gnu17;
				GCC_DYNAMIC_NO_PIC = NO;
				GCC_NO_COMMON_BLOCKS = YES;
				GCC_OPTIMIZATION_LEVEL = 0;
				GCC_PREPROCESSOR_DEFINITIONS = (
					"DEBUG=1",
					"$(inherited)",
				);
				GCC_WARN_64_TO_32_BIT_CONVERSION = YES;
				GCC_WARN_ABOUT_RETURN_TYPE = YES_ERROR;
				GCC_WARN_UNDECLARED_SELECTOR = YES;
				GCC_WARN_UNINITIALIZED_AUTOS = YES_AGGRESSIVE;
				GCC_WARN_UNUSED_FUNCTION = YES;
				GCC_WARN_UNUSED_VARIABLE = YES;
				IPHONEOS_DEPLOYMENT_TARGET = 18.2;
				LOCALIZATION_PREFERS_STRING_CATALOGS = YES;
				MTL_ENABLE_DEBUG_INFO = INCLUDE_SOURCE;
				MTL_FAST_MATH = YES;
				ONLY_ACTIVE_ARCH = YES;
				SDKROOT = iphoneos;
				SWIFT_ACTIVE_COMPILATION_CONDITIONS = "DEBUG $(inherited)";
				SWIFT_OPTIMIZATION_LEVEL = "-Onone";
			};
			name = Debug;
		};
		F244C7922D6A64650059FDD2 /* Release */ = {
			isa = XCBuildConfiguration;
			buildSettings = {
				ALWAYS_SEARCH_USER_PATHS = NO;
				ASSETCATALOG_COMPILER_GENERATE_SWIFT_ASSET_SYMBOL_EXTENSIONS = YES;
				CLANG_ANALYZER_NONNULL = YES;
				CLANG_ANALYZER_NUMBER_OBJECT_CONVERSION = YES_AGGRESSIVE;
				CLANG_CXX_LANGUAGE_STANDARD = "gnu++20";
				CLANG_ENABLE_MODULES = YES;
				CLANG_ENABLE_OBJC_ARC = YES;
				CLANG_ENABLE_OBJC_WEAK = YES;
				CLANG_WARN_BLOCK_CAPTURE_AUTORELEASING = YES;
				CLANG_WARN_BOOL_CONVERSION = YES;
				CLANG_WARN_COMMA = YES;
				CLANG_WARN_CONSTANT_CONVERSION = YES;
				CLANG_WARN_DEPRECATED_OBJC_IMPLEMENTATIONS = YES;
				CLANG_WARN_DIRECT_OBJC_ISA_USAGE = YES_ERROR;
				CLANG_WARN_DOCUMENTATION_COMMENTS = YES;
				CLANG_WARN_EMPTY_BODY = YES;
				CLANG_WARN_ENUM_CONVERSION = YES;
				CLANG_WARN_INFINITE_RECURSION = YES;
				CLANG_WARN_INT_CONVERSION = YES;
				CLANG_WARN_NON_LITERAL_NULL_CONVERSION = YES;
				CLANG_WARN_OBJC_IMPLICIT_RETAIN_SELF = YES;
				CLANG_WARN_OBJC_LITERAL_CONVERSION = YES;
				CLANG_WARN_OBJC_ROOT_CLASS = YES_ERROR;
				CLANG_WARN_QUOTED_INCLUDE_IN_FRAMEWORK_HEADER = YES;
				CLANG_WARN_RANGE_LOOP_ANALYSIS = YES;
				CLANG_WARN_STRICT_PROTOTYPES = YES;
				CLANG_WARN_SUSPICIOUS_MOVE = YES;
				CLANG_WARN_UNGUARDED_AVAILABILITY = YES_AGGRESSIVE;
				CLANG_WARN_UNREACHABLE_CODE = YES;
				CLANG_WARN__DUPLICATE_METHOD_MATCH = YES;
				COPY_PHASE_STRIP = NO;
				DEBUG_INFORMATION_FORMAT = "dwarf-with-dsym";
				ENABLE_NS_ASSERTIONS = NO;
				ENABLE_STRICT_OBJC_MSGSEND = YES;
				ENABLE_USER_SCRIPT_SANDBOXING = YES;
				GCC_C_LANGUAGE_STANDARD = gnu17;
				GCC_NO_COMMON_BLOCKS = YES;
				GCC_WARN_64_TO_32_BIT_CONVERSION = YES;
				GCC_WARN_ABOUT_RETURN_TYPE = YES_ERROR;
				GCC_WARN_UNDECLARED_SELECTOR = YES;
				GCC_WARN_UNINITIALIZED_AUTOS = YES_AGGRESSIVE;
				GCC_WARN_UNUSED_FUNCTION = YES;
				GCC_WARN_UNUSED_VARIABLE = YES;
				IPHONEOS_DEPLOYMENT_TARGET = 18.2;
				LOCALIZATION_PREFERS_STRING_CATALOGS = YES;
				MTL_ENABLE_DEBUG_INFO = NO;
				MTL_FAST_MATH = YES;
				SDKROOT = iphoneos;
				SWIFT_COMPILATION_MODE = wholemodule;
				VALIDATE_PRODUCT = YES;
			};
			name = Release;
		};
		F244C7942D6A64650059FDD2 /* Debug */ = {
			isa = XCBuildConfiguration;
			buildSettings = {
				ASSETCATALOG_COMPILER_APPICON_NAME = AppIcon;
				ASSETCATALOG_COMPILER_GLOBAL_ACCENT_COLOR_NAME = AccentColor;
				CODE_SIGN_STYLE = Automatic;
				CURRENT_PROJECT_VERSION = 1;
				DEVELOPMENT_ASSET_PATHS = "\"ContactExplorer/Preview Content\"";
				DEVELOPMENT_TEAM = 4927QG34AA;
				ENABLE_PREVIEWS = YES;
				GENERATE_INFOPLIST_FILE = YES;
				INFOPLIST_KEY_NSContactsUsageDescription = "We need access to your contacts to display them in the app.";
				INFOPLIST_KEY_NSMicrophoneUsageDescription = "This app needs microphone access to record speech for notes.";
				INFOPLIST_KEY_NSSpeechRecognitionUsageDescription = "This app uses speech recognition to transcribe notes.";
				INFOPLIST_KEY_UIApplicationSceneManifest_Generation = YES;
				INFOPLIST_KEY_UIApplicationSupportsIndirectInputEvents = YES;
				INFOPLIST_KEY_UILaunchScreen_Generation = YES;
				INFOPLIST_KEY_UISupportedInterfaceOrientations_iPad = "UIInterfaceOrientationPortrait UIInterfaceOrientationPortraitUpsideDown UIInterfaceOrientationLandscapeLeft UIInterfaceOrientationLandscapeRight";
				INFOPLIST_KEY_UISupportedInterfaceOrientations_iPhone = "UIInterfaceOrientationPortrait UIInterfaceOrientationLandscapeLeft UIInterfaceOrientationLandscapeRight";
				LD_RUNPATH_SEARCH_PATHS = (
					"$(inherited)",
					"@executable_path/Frameworks",
				);
				MARKETING_VERSION = 1.0;
				PRODUCT_BUNDLE_IDENTIFIER = sharrock.ContactExplorer;
				PRODUCT_NAME = "$(TARGET_NAME)";
				SWIFT_EMIT_LOC_STRINGS = YES;
				SWIFT_VERSION = 5.0;
				TARGETED_DEVICE_FAMILY = "1,2";
			};
			name = Debug;
		};
		F244C7952D6A64650059FDD2 /* Release */ = {
			isa = XCBuildConfiguration;
			buildSettings = {
				ASSETCATALOG_COMPILER_APPICON_NAME = AppIcon;
				ASSETCATALOG_COMPILER_GLOBAL_ACCENT_COLOR_NAME = AccentColor;
				CODE_SIGN_STYLE = Automatic;
				CURRENT_PROJECT_VERSION = 1;
				DEVELOPMENT_ASSET_PATHS = "\"ContactExplorer/Preview Content\"";
				DEVELOPMENT_TEAM = 4927QG34AA;
				ENABLE_PREVIEWS = YES;
				GENERATE_INFOPLIST_FILE = YES;
				INFOPLIST_KEY_NSContactsUsageDescription = "We need access to your contacts to display them in the app.";
				INFOPLIST_KEY_NSMicrophoneUsageDescription = "This app needs microphone access to record speech for notes.";
				INFOPLIST_KEY_NSSpeechRecognitionUsageDescription = "This app uses speech recognition to transcribe notes.";
				INFOPLIST_KEY_UIApplicationSceneManifest_Generation = YES;
				INFOPLIST_KEY_UIApplicationSupportsIndirectInputEvents = YES;
				INFOPLIST_KEY_UILaunchScreen_Generation = YES;
				INFOPLIST_KEY_UISupportedInterfaceOrientations_iPad = "UIInterfaceOrientationPortrait UIInterfaceOrientationPortraitUpsideDown UIInterfaceOrientationLandscapeLeft UIInterfaceOrientationLandscapeRight";
				INFOPLIST_KEY_UISupportedInterfaceOrientations_iPhone = "UIInterfaceOrientationPortrait UIInterfaceOrientationLandscapeLeft UIInterfaceOrientationLandscapeRight";
				LD_RUNPATH_SEARCH_PATHS = (
					"$(inherited)",
					"@executable_path/Frameworks",
				);
				MARKETING_VERSION = 1.0;
				PRODUCT_BUNDLE_IDENTIFIER = sharrock.ContactExplorer;
				PRODUCT_NAME = "$(TARGET_NAME)";
				SWIFT_EMIT_LOC_STRINGS = YES;
				SWIFT_VERSION = 5.0;
				TARGETED_DEVICE_FAMILY = "1,2";
			};
			name = Release;
		};
		F244C7972D6A64650059FDD2 /* Debug */ = {
			isa = XCBuildConfiguration;
			buildSettings = {
				BUNDLE_LOADER = "$(TEST_HOST)";
				CODE_SIGN_STYLE = Automatic;
				CURRENT_PROJECT_VERSION = 1;
				DEVELOPMENT_TEAM = 4927QG34AA;
				GENERATE_INFOPLIST_FILE = YES;
				IPHONEOS_DEPLOYMENT_TARGET = 18.2;
				MARKETING_VERSION = 1.0;
				PRODUCT_BUNDLE_IDENTIFIER = sharrock.ContactExplorerTests;
				PRODUCT_NAME = "$(TARGET_NAME)";
				SWIFT_EMIT_LOC_STRINGS = NO;
				SWIFT_VERSION = 5.0;
				TARGETED_DEVICE_FAMILY = "1,2";
				TEST_HOST = "$(BUILT_PRODUCTS_DIR)/ContactExplorer.app/$(BUNDLE_EXECUTABLE_FOLDER_PATH)/ContactExplorer";
			};
			name = Debug;
		};
		F244C7982D6A64650059FDD2 /* Release */ = {
			isa = XCBuildConfiguration;
			buildSettings = {
				BUNDLE_LOADER = "$(TEST_HOST)";
				CODE_SIGN_STYLE = Automatic;
				CURRENT_PROJECT_VERSION = 1;
				DEVELOPMENT_TEAM = 4927QG34AA;
				GENERATE_INFOPLIST_FILE = YES;
				IPHONEOS_DEPLOYMENT_TARGET = 18.2;
				MARKETING_VERSION = 1.0;
				PRODUCT_BUNDLE_IDENTIFIER = sharrock.ContactExplorerTests;
				PRODUCT_NAME = "$(TARGET_NAME)";
				SWIFT_EMIT_LOC_STRINGS = NO;
				SWIFT_VERSION = 5.0;
				TARGETED_DEVICE_FAMILY = "1,2";
				TEST_HOST = "$(BUILT_PRODUCTS_DIR)/ContactExplorer.app/$(BUNDLE_EXECUTABLE_FOLDER_PATH)/ContactExplorer";
			};
			name = Release;
		};
		F244C79A2D6A64650059FDD2 /* Debug */ = {
			isa = XCBuildConfiguration;
			buildSettings = {
				CODE_SIGN_STYLE = Automatic;
				CURRENT_PROJECT_VERSION = 1;
				DEVELOPMENT_TEAM = 4927QG34AA;
				GENERATE_INFOPLIST_FILE = YES;
				MARKETING_VERSION = 1.0;
				PRODUCT_BUNDLE_IDENTIFIER = sharrock.ContactExplorerUITests;
				PRODUCT_NAME = "$(TARGET_NAME)";
				SWIFT_EMIT_LOC_STRINGS = NO;
				SWIFT_VERSION = 5.0;
				TARGETED_DEVICE_FAMILY = "1,2";
				TEST_TARGET_NAME = ContactExplorer;
			};
			name = Debug;
		};
		F244C79B2D6A64650059FDD2 /* Release */ = {
			isa = XCBuildConfiguration;
			buildSettings = {
				CODE_SIGN_STYLE = Automatic;
				CURRENT_PROJECT_VERSION = 1;
				DEVELOPMENT_TEAM = 4927QG34AA;
				GENERATE_INFOPLIST_FILE = YES;
				MARKETING_VERSION = 1.0;
				PRODUCT_BUNDLE_IDENTIFIER = sharrock.ContactExplorerUITests;
				PRODUCT_NAME = "$(TARGET_NAME)";
				SWIFT_EMIT_LOC_STRINGS = NO;
				SWIFT_VERSION = 5.0;
				TARGETED_DEVICE_FAMILY = "1,2";
				TEST_TARGET_NAME = ContactExplorer;
			};
			name = Release;
		};
/* End XCBuildConfiguration section */

/* Begin XCConfigurationList section */
		F244C7652D6A64630059FDD2 /* Build configuration list for PBXProject "ContactExplorer" */ = {
			isa = XCConfigurationList;
			buildConfigurations = (
				F244C7912D6A64650059FDD2 /* Debug */,
				F244C7922D6A64650059FDD2 /* Release */,
			);
			defaultConfigurationIsVisible = 0;
			defaultConfigurationName = Release;
		};
		F244C7932D6A64650059FDD2 /* Build configuration list for PBXNativeTarget "ContactExplorer" */ = {
			isa = XCConfigurationList;
			buildConfigurations = (
				F244C7942D6A64650059FDD2 /* Debug */,
				F244C7952D6A64650059FDD2 /* Release */,
			);
			defaultConfigurationIsVisible = 0;
			defaultConfigurationName = Release;
		};
		F244C7962D6A64650059FDD2 /* Build configuration list for PBXNativeTarget "ContactExplorerTests" */ = {
			isa = XCConfigurationList;
			buildConfigurations = (
				F244C7972D6A64650059FDD2 /* Debug */,
				F244C7982D6A64650059FDD2 /* Release */,
			);
			defaultConfigurationIsVisible = 0;
			defaultConfigurationName = Release;
		};
		F244C7992D6A64650059FDD2 /* Build configuration list for PBXNativeTarget "ContactExplorerUITests" */ = {
			isa = XCConfigurationList;
			buildConfigurations = (
				F244C79A2D6A64650059FDD2 /* Debug */,
				F244C79B2D6A64650059FDD2 /* Release */,
			);
			defaultConfigurationIsVisible = 0;
			defaultConfigurationName = Release;
		};
/* End XCConfigurationList section */

/* Begin XCRemoteSwiftPackageReference section */
		F244C7DD2D6AB2AE0059FDD2 /* XCRemoteSwiftPackageReference "mlx-swift" */ = {
			isa = XCRemoteSwiftPackageReference;
			repositoryURL = "https://github.com/ml-explore/mlx-swift";
			requirement = {
				kind = upToNextMajorVersion;
				minimumVersion = 0.21.3;
			};
		};
/* End XCRemoteSwiftPackageReference section */

/* Begin XCSwiftPackageProductDependency section */
		F244C7DE2D6AB2AE0059FDD2 /* MLX */ = {
			isa = XCSwiftPackageProductDependency;
			package = F244C7DD2D6AB2AE0059FDD2 /* XCRemoteSwiftPackageReference "mlx-swift" */;
			productName = MLX;
		};
		F244C7E02D6AB2AE0059FDD2 /* MLXFFT */ = {
			isa = XCSwiftPackageProductDependency;
			package = F244C7DD2D6AB2AE0059FDD2 /* XCRemoteSwiftPackageReference "mlx-swift" */;
			productName = MLXFFT;
		};
		F244C7E22D6AB2AE0059FDD2 /* MLXFast */ = {
			isa = XCSwiftPackageProductDependency;
			package = F244C7DD2D6AB2AE0059FDD2 /* XCRemoteSwiftPackageReference "mlx-swift" */;
			productName = MLXFast;
		};
		F244C7E42D6AB2AE0059FDD2 /* MLXLinalg */ = {
			isa = XCSwiftPackageProductDependency;
			package = F244C7DD2D6AB2AE0059FDD2 /* XCRemoteSwiftPackageReference "mlx-swift" */;
			productName = MLXLinalg;
		};
		F244C7E62D6AB2AE0059FDD2 /* MLXNN */ = {
			isa = XCSwiftPackageProductDependency;
			package = F244C7DD2D6AB2AE0059FDD2 /* XCRemoteSwiftPackageReference "mlx-swift" */;
			productName = MLXNN;
		};
		F244C7E82D6AB2AE0059FDD2 /* MLXOptimizers */ = {
			isa = XCSwiftPackageProductDependency;
			package = F244C7DD2D6AB2AE0059FDD2 /* XCRemoteSwiftPackageReference "mlx-swift" */;
			productName = MLXOptimizers;
		};
		F244C7EA2D6AB2AE0059FDD2 /* MLXRandom */ = {
			isa = XCSwiftPackageProductDependency;
			package = F244C7DD2D6AB2AE0059FDD2 /* XCRemoteSwiftPackageReference "mlx-swift" */;
			productName = MLXRandom;
		};
/* End XCSwiftPackageProductDependency section */

/* Begin XCVersionGroup section */
		F244C7AA2D6A8D5E0059FDD2 /* ContactsModel.xcdatamodeld */ = {
			isa = XCVersionGroup;
			children = (
				F244C7AB2D6A8D5E0059FDD2 /* ContactsModel.xcdatamodel */,
			);
			currentVersion = F244C7AB2D6A8D5E0059FDD2 /* ContactsModel.xcdatamodel */;
			path = ContactsModel.xcdatamodeld;
			sourceTree = "<group>";
			versionGroupType = wrapper.xcdatamodel;
		};
/* End XCVersionGroup section */
	};
	rootObject = F244C7622D6A64630059FDD2 /* Project object */;
}
